# This file is autogenerated, do not edit; changes may be undone by the next 'dep ensure'.


[[projects]]
  digest = "1:ab972abb4f8af4e054fa53e6f2160251598cd11d484f5581094925e00a4c59c0"
  name = "github.com/bwesterb/byteswriter"
  packages = ["."]
  pruneopts = "UT"
  revision = "fe2f57e9fb9cee2d2843caa9e7bc1baa081fb567"
  version = "v1.0.0"

[[projects]]
  digest = "1:469eeffd72bb1e02907f8a75d1063dc3c1bbd38c65c6735bda353be6c53c742c"
  name = "github.com/bwesterb/go-atum"
  packages = ["."]
  pruneopts = "UT"
  revision = "1ace26c6d4315cb157d5a66aba183ead7e54a52c"
  version = "v1.0.1"

[[projects]]
  digest = "1:07b1ec08df55782bc78d3733fb7b04eb3a9272d835a4d0f2541f7a3096840c1b"
  name = "github.com/bwesterb/go-pow"
  packages = ["."]
  pruneopts = "UT"
  revision = "c84a42458d2e58f61395e19d07cfc9630df15dc6"
  version = "v1.0.0"

[[projects]]
  digest = "1:11a8a7b9fd181efc0e8476acef6861d8264f90f6f1e82b70d0ba2707bd4b2182"
  name = "github.com/bwesterb/go-xmssmt"
  packages = ["."]
  pruneopts = "UT"
  revision = "f9589c1ebdc2f640a6d6e7e50c9ca6c99024c6ce"
  version = "v1.0.2"

[[projects]]
  digest = "1:fed1f537c2f1269fe475a8556c393fe466641682d73ef8fd0491cd3aa1e47bad"
  name = "github.com/certifi/gocertifi"
  packages = ["."]
  pruneopts = "UT"
  revision = "deb3ae2ef2610fde3330947281941c562861188b"
  version = "2018.01.18"

[[projects]]
  digest = "1:998cf998358a303ac2430c386ba3fd3398477d6013153d3c6e11432765cc9ae6"
  name = "github.com/cespare/xxhash"
  packages = ["."]
  pruneopts = "UT"
  revision = "3b82fb7d186719faeedd0c2864f868c74fbf79a1"
  version = "v2.0.0"

[[projects]]
  digest = "1:76dc72490af7174349349838f2fe118996381b31ea83243812a97e5a0fd5ed55"
  name = "github.com/dgrijalva/jwt-go"
  packages = ["."]
  pruneopts = "UT"
  revision = "06ea1031745cb8b3dab3f6a236daf2b0aa468b7e"
  version = "v3.2.0"

[[projects]]
  digest = "1:edb569dd02419a41ddd98768cc0e7aec922ef19dae139731e5ca750afcf6f4c5"
  name = "github.com/edsrzf/mmap-go"
  packages = ["."]
  pruneopts = "UT"
  revision = "188cc3b666ba704534fa4f96e9e61f21f1e1ba7c"
  version = "v1.0.0"

[[projects]]
  branch = "master"
  digest = "1:b39cde42897191f6864cca339b94315f6ab957553c175a46392be3fe9824141b"
  name = "github.com/getsentry/raven-go"
  packages = ["."]
  pruneopts = "UT"
  revision = "5c24d5110e0e198d9ae16f1f3465366085001d92"

[[projects]]
  digest = "1:aacef5f5e45685f2aeda5534d0a750dee6859de7e9088cdd06192787bb01ae6d"
  name = "github.com/go-errors/errors"
  packages = ["."]
  pruneopts = "UT"
  revision = "a6af135bd4e28680facf08a3d206b454abc877a4"
  version = "v1.0.1"

[[projects]]
  digest = "1:0ade334594e69404d80d9d323445d2297ff8161637f9b2d347cc6973d2d6f05b"
  name = "github.com/hashicorp/errwrap"
  packages = ["."]
  pruneopts = "UT"
  revision = "8a6fb523712970c966eefc6b39ed2c5e74880354"
  version = "v1.0.0"

[[projects]]
  digest = "1:af105c7c5dc0b4ae41991f122cae860b9600f7d226072c2a83127048c991660c"
  name = "github.com/hashicorp/go-cleanhttp"
  packages = ["."]
  pruneopts = "UT"
  revision = "eda1e5db218aad1db63ca4642c8906b26bcf2744"
  version = "v0.5.1"

[[projects]]
  digest = "1:f668349b83f7d779567c880550534addeca7ebadfdcf44b0b9c39be61864b4b7"
  name = "github.com/hashicorp/go-multierror"
  packages = ["."]
  pruneopts = "UT"
  revision = "886a7fbe3eb1c874d46f623bfa70af45f425b3d1"
  version = "v1.0.0"

[[projects]]
  digest = "1:351c9fafe916b099211b6e05749afdf5eef2d9aa297691827825628ec395d8c4"
  name = "github.com/hashicorp/go-retryablehttp"
  packages = ["."]
  pruneopts = "UT"
  revision = "85a8ee556d7323a4faf0f4c17ee900e9ff1482e8"
  version = "v0.5.4"

[[projects]]
  branch = "master"
  digest = "1:0185668237f6dda61481124a5bdd479a5b49e5866952f7b804535158edefc126"
  name = "github.com/jasonlvhit/gocron"
  packages = ["."]
  pruneopts = "UT"
  revision = "18abb4835426ee97944e560c9281dd4dbdcf2e68"

[[projects]]
  digest = "1:31e761d97c76151dde79e9d28964a812c46efc5baee4085b86f68f0c654450de"
  name = "github.com/konsorten/go-windows-terminal-sequences"
  packages = ["."]
  pruneopts = "UT"
  revision = "f55edac94c9bbba5d6182a4be46d86a2c9b5b50e"
  version = "v1.0.2"

[[projects]]
  branch = "master"
  digest = "1:6491080aa184f88c2bb8e2f6056e5e0e9a578b2d8666efbd6e97bc37a0c41e72"
  name = "github.com/nightlyone/lockfile"
  packages = ["."]
  pruneopts = "UT"
  revision = "0ad87eef1443f64d3d8c50da647e2b1552851124"

[[projects]]
  digest = "1:cf31692c14422fa27c83a05292eb5cbe0fb2775972e8f1f8446a71549bd8980b"
  name = "github.com/pkg/errors"
  packages = ["."]
  pruneopts = "UT"
  revision = "ba968bfe8b2f7e042a574c888954fccecfa385b4"
  version = "v0.8.1"

[[projects]]
  branch = "master"
  digest = "1:efc4c33449984cda3f7880142fbf35fdc16c7e9c4c27c50a8e77bd055400cceb"
  name = "github.com/privacybydesign/gabi"
  packages = [
    ".",
    "big",
    "safeprime",
  ]
  pruneopts = "UT"
  revision = "ce779395f4c98898f21f8c49f71f4b3353995127"

[[projects]]
  branch = "irmamobile"
  digest = "1:e6090b10f4c524da7578cdf627ee77f8091ddc2976cdf9737f97344a68fc7ba4"
  name = "github.com/privacybydesign/irmago"
  packages = [
    ".",
    "internal/disable_sigpipe",
    "internal/fs",
    "irmaclient",
  ]
  pruneopts = "UT"
  revision = "8b4e1bf85f4a596ab3419d6b4fac2b9f376fc133"

[[projects]]
  digest = "1:04457f9f6f3ffc5fea48e71d62f2ca256637dee0a04d710288e27e05c8b41976"
  name = "github.com/sirupsen/logrus"
  packages = ["."]
  pruneopts = "UT"
  revision = "839c75faf7f98a33d445d181f3018b5c3409a45e"
  version = "v1.4.2"

[[projects]]
  branch = "master"
  digest = "1:f10bb2efe706eea8e386fa5021281e302a58e8fa0ba9f2e31ad9ca2cb234b282"
  name = "github.com/templexxx/cpufeat"
  packages = ["."]
  pruneopts = "UT"
  revision = "cef66df7f161dee20f4d650da7268d77eaaec82d"

[[projects]]
  digest = "1:a0a269bea865974fc4d583373c984a5aa60cf98b5aa4f3e1b5de527891d37845"
  name = "github.com/templexxx/xor"
  packages = ["."]
  pruneopts = "UT"
  revision = "0af8e873c554da75f37f2049cdffda804533d44c"
  version = "0.1.2"

[[projects]]
  branch = "master"
  digest = "1:6f93b2ea2a49bdc43d114f15a115a171b6855dac5bf2e34c4047cd6d249d748a"
  name = "github.com/timshannon/bolthold"
  packages = ["."]
  pruneopts = "UT"
  revision = "b73eaf0ecf37450c47a16d16e036945901ecd9fc"

[[projects]]
  digest = "1:f2ac2c724fc8214bb7b9dd6d4f5b7a983152051f5133320f228557182263cb94"
  name = "go.etcd.io/bbolt"
  packages = ["."]
  pruneopts = "UT"
  revision = "a0458a2b35708eef59eb5f620ceb3cd1c01a824d"
  version = "v1.3.3"

[[projects]]
  branch = "master"
  digest = "1:fcce1a643dc47e06d586f09bee0c55f236435878f348b3ec3537ccfa347b1db0"
  name = "golang.org/x/crypto"
  packages = [
    "ed25519",
    "ed25519/internal/edwards25519",
    "sha3",
  ]
  pruneopts = "UT"
  revision = "4def268fd1a49955bfb3dda92fe3db4f924f2285"

[[projects]]
  branch = "master"
  digest = "1:afce8593ac5918df05a46499b04b8c4e46a91e99566055e4a8ba829a8f389a09"
  name = "golang.org/x/sys"
  packages = [
    "cpu",
    "unix",
    "windows",
  ]
  pruneopts = "UT"
  revision = "51ab0e2deafac1f46c46ad59cf0921be2f180c3d"

[solve-meta]
  analyzer-name = "dep"
  analyzer-version = 1
  input-imports = [
    "github.com/go-errors/errors",
    "github.com/privacybydesign/irmago",
    "github.com/privacybydesign/irmago/irmaclient",
  ]
  solver-name = "gps-cdcl"
  solver-version = 1
